
Microsoft Visual Studio Solution File, Format Version 12.00
# Visual Studio Version 16
VisualStudioVersion = 16.0.29519.87
MinimumVisualStudioVersion = 15.0.26124.0
Project("{9A19103F-16F7-4668-BE54-9A1E7A4F7556}") = "Day_01_2019_Console", "Day_01_2019_Console\Day_01_2019_Console.csproj", "{D1A34286-4527-4EA1-A4BE-6AC0F5E64F3D}"
EndProject
Project("{9A19103F-16F7-4668-BE54-9A1E7A4F7556}") = "Day_01_2019_Code", "Day_01_2019_Code\Day_01_2019_Code.csproj", "{99A9242A-38AE-45BF-9E93-553121DC1562}"
EndProject
Project("{9A19103F-16F7-4668-BE54-9A1E7A4F7556}") = "Day_01_2019_Tests", "Day_01_2019_Tests\Day_01_2019_Tests.csproj", "{E55FE087-9B56-4E95-9D55-3C53CD1597E2}"
EndProject
Project("{9A19103F-16F7-4668-BE54-9A1E7A4F7556}") = "Day_02_2019_Console", "Day_02_2019_Console\Day_02_2019_Console.csproj", "{9A161928-5691-40E9-9A92-563BED22019D}"
EndProject
Project("{9A19103F-16F7-4668-BE54-9A1E7A4F7556}") = "Day_02_2019_Code", "Day_02_2019_Code\Day_02_2019_Code.csproj", "{2CC428CE-1BB4-42ED-A679-1D68D6150876}"
EndProject
Project("{9A19103F-16F7-4668-BE54-9A1E7A4F7556}") = "Day_02_2019_Tests", "Day_02_2019_Tests\Day_02_2019_Tests.csproj", "{2D6003C5-9202-4B0B-9ADC-F1D2E21B7938}"
EndProject
Project("{9A19103F-16F7-4668-BE54-9A1E7A4F7556}") = "Utils", "Utils\Utils.csproj", "{DAD021A3-8B04-4708-AC72-26B96F2A7260}"
EndProject
Project("{9A19103F-16F7-4668-BE54-9A1E7A4F7556}") = "Day_03_2019_Console", "Day_03_2019_Console\Day_03_2019_Console.csproj", "{6CE976C6-BA37-434E-A3FD-9EC838BC6C3E}"
EndProject
Project("{9A19103F-16F7-4668-BE54-9A1E7A4F7556}") = "Day_03_2019_Code", "Day_03_2019_Code\Day_03_2019_Code.csproj", "{2BB18E1E-2CB0-4500-B8D2-00976D83B276}"
EndProject
Project("{9A19103F-16F7-4668-BE54-9A1E7A4F7556}") = "Day_03_2019_Tests", "Day_03_2019_Tests\Day_03_2019_Tests.csproj", "{C4253D64-011D-4CF5-A9EF-BEA895018CEE}"
EndProject
Project("{9A19103F-16F7-4668-BE54-9A1E7A4F7556}") = "Day_04_2019_Code", "Day_04_2019_Code\Day_04_2019_Code.csproj", "{968AD7C8-6A43-4456-8195-C3A5EEDC67B0}"
EndProject
Project("{9A19103F-16F7-4668-BE54-9A1E7A4F7556}") = "Day_04_2019_Console", "Day_04_2019_Console\Day_04_2019_Console.csproj", "{E126D341-D696-4AE8-A6D9-EDDFB85A144D}"
EndProject
Project("{9A19103F-16F7-4668-BE54-9A1E7A4F7556}") = "Day_04_2019_Tests", "Day_04_2019_Tests\Day_04_2019_Tests.csproj", "{3DAFC9F1-5DAA-4CF0-B054-A0A2F4B29F0D}"
EndProject
Project("{9A19103F-16F7-4668-BE54-9A1E7A4F7556}") = "Day_05_2019_Code", "Day_05_2019_Code\Day_05_2019_Code.csproj", "{4C354BE9-6E7A-4896-BDDE-54B7C0B24B92}"
EndProject
Project("{FAE04EC0-301F-11D3-BF4B-00C04F79EFBC}") = "Day_05_2019_Console", "Day_05_2019_Console\Day_05_2019_Console.csproj", "{7C5537E0-68C0-4EED-B0A2-37B897CF0DD6}"
EndProject
Project("{9A19103F-16F7-4668-BE54-9A1E7A4F7556}") = "Day_05_2019_Tests", "Day_05_2019_Tests\Day_05_2019_Tests.csproj", "{42EFE3DB-DDF9-4B2C-B13F-CC3A883D119A}"
EndProject
Project("{FAE04EC0-301F-11D3-BF4B-00C04F79EFBC}") = "Day_06_2019_Console", "Day_06_2019_Console\Day_06_2019_Console.csproj", "{8B7E145C-06FA-4228-A19F-664449A843BD}"
EndProject
Project("{FAE04EC0-301F-11D3-BF4B-00C04F79EFBC}") = "Day_06_2019_Code", "Day_06_2019_Code\Day_06_2019_Code.csproj", "{7EB3CAE9-A2DB-494D-B6D7-8FA6027311B8}"
EndProject
Project("{FAE04EC0-301F-11D3-BF4B-00C04F79EFBC}") = "Day_06_2019_Tests", "Day_06_2019_Tests\Day_06_2019_Tests.csproj", "{7A77484F-00AB-4509-845D-8998F129B8A1}"
EndProject
Global
	GlobalSection(SolutionConfigurationPlatforms) = preSolution
		Debug|Any CPU = Debug|Any CPU
		Debug|x64 = Debug|x64
		Debug|x86 = Debug|x86
		Release|Any CPU = Release|Any CPU
		Release|x64 = Release|x64
		Release|x86 = Release|x86
	EndGlobalSection
	GlobalSection(ProjectConfigurationPlatforms) = postSolution
		{D1A34286-4527-4EA1-A4BE-6AC0F5E64F3D}.Debug|Any CPU.ActiveCfg = Debug|Any CPU
		{D1A34286-4527-4EA1-A4BE-6AC0F5E64F3D}.Debug|Any CPU.Build.0 = Debug|Any CPU
		{D1A34286-4527-4EA1-A4BE-6AC0F5E64F3D}.Debug|x64.ActiveCfg = Debug|Any CPU
		{D1A34286-4527-4EA1-A4BE-6AC0F5E64F3D}.Debug|x64.Build.0 = Debug|Any CPU
		{D1A34286-4527-4EA1-A4BE-6AC0F5E64F3D}.Debug|x86.ActiveCfg = Debug|Any CPU
		{D1A34286-4527-4EA1-A4BE-6AC0F5E64F3D}.Debug|x86.Build.0 = Debug|Any CPU
		{D1A34286-4527-4EA1-A4BE-6AC0F5E64F3D}.Release|Any CPU.ActiveCfg = Release|Any CPU
		{D1A34286-4527-4EA1-A4BE-6AC0F5E64F3D}.Release|Any CPU.Build.0 = Release|Any CPU
		{D1A34286-4527-4EA1-A4BE-6AC0F5E64F3D}.Release|x64.ActiveCfg = Release|Any CPU
		{D1A34286-4527-4EA1-A4BE-6AC0F5E64F3D}.Release|x64.Build.0 = Release|Any CPU
		{D1A34286-4527-4EA1-A4BE-6AC0F5E64F3D}.Release|x86.ActiveCfg = Release|Any CPU
		{D1A34286-4527-4EA1-A4BE-6AC0F5E64F3D}.Release|x86.Build.0 = Release|Any CPU
		{99A9242A-38AE-45BF-9E93-553121DC1562}.Debug|Any CPU.ActiveCfg = Debug|Any CPU
		{99A9242A-38AE-45BF-9E93-553121DC1562}.Debug|Any CPU.Build.0 = Debug|Any CPU
		{99A9242A-38AE-45BF-9E93-553121DC1562}.Debug|x64.ActiveCfg = Debug|Any CPU
		{99A9242A-38AE-45BF-9E93-553121DC1562}.Debug|x64.Build.0 = Debug|Any CPU
		{99A9242A-38AE-45BF-9E93-553121DC1562}.Debug|x86.ActiveCfg = Debug|Any CPU
		{99A9242A-38AE-45BF-9E93-553121DC1562}.Debug|x86.Build.0 = Debug|Any CPU
		{99A9242A-38AE-45BF-9E93-553121DC1562}.Release|Any CPU.ActiveCfg = Release|Any CPU
		{99A9242A-38AE-45BF-9E93-553121DC1562}.Release|Any CPU.Build.0 = Release|Any CPU
		{99A9242A-38AE-45BF-9E93-553121DC1562}.Release|x64.ActiveCfg = Release|Any CPU
		{99A9242A-38AE-45BF-9E93-553121DC1562}.Release|x64.Build.0 = Release|Any CPU
		{99A9242A-38AE-45BF-9E93-553121DC1562}.Release|x86.ActiveCfg = Release|Any CPU
		{99A9242A-38AE-45BF-9E93-553121DC1562}.Release|x86.Build.0 = Release|Any CPU
		{E55FE087-9B56-4E95-9D55-3C53CD1597E2}.Debug|Any CPU.ActiveCfg = Debug|Any CPU
		{E55FE087-9B56-4E95-9D55-3C53CD1597E2}.Debug|Any CPU.Build.0 = Debug|Any CPU
		{E55FE087-9B56-4E95-9D55-3C53CD1597E2}.Debug|x64.ActiveCfg = Debug|Any CPU
		{E55FE087-9B56-4E95-9D55-3C53CD1597E2}.Debug|x64.Build.0 = Debug|Any CPU
		{E55FE087-9B56-4E95-9D55-3C53CD1597E2}.Debug|x86.ActiveCfg = Debug|Any CPU
		{E55FE087-9B56-4E95-9D55-3C53CD1597E2}.Debug|x86.Build.0 = Debug|Any CPU
		{E55FE087-9B56-4E95-9D55-3C53CD1597E2}.Release|Any CPU.ActiveCfg = Release|Any CPU
		{E55FE087-9B56-4E95-9D55-3C53CD1597E2}.Release|Any CPU.Build.0 = Release|Any CPU
		{E55FE087-9B56-4E95-9D55-3C53CD1597E2}.Release|x64.ActiveCfg = Release|Any CPU
		{E55FE087-9B56-4E95-9D55-3C53CD1597E2}.Release|x64.Build.0 = Release|Any CPU
		{E55FE087-9B56-4E95-9D55-3C53CD1597E2}.Release|x86.ActiveCfg = Release|Any CPU
		{E55FE087-9B56-4E95-9D55-3C53CD1597E2}.Release|x86.Build.0 = Release|Any CPU
		{9A161928-5691-40E9-9A92-563BED22019D}.Debug|Any CPU.ActiveCfg = Debug|Any CPU
		{9A161928-5691-40E9-9A92-563BED22019D}.Debug|Any CPU.Build.0 = Debug|Any CPU
		{9A161928-5691-40E9-9A92-563BED22019D}.Debug|x64.ActiveCfg = Debug|Any CPU
		{9A161928-5691-40E9-9A92-563BED22019D}.Debug|x64.Build.0 = Debug|Any CPU
		{9A161928-5691-40E9-9A92-563BED22019D}.Debug|x86.ActiveCfg = Debug|Any CPU
		{9A161928-5691-40E9-9A92-563BED22019D}.Debug|x86.Build.0 = Debug|Any CPU
		{9A161928-5691-40E9-9A92-563BED22019D}.Release|Any CPU.ActiveCfg = Release|Any CPU
		{9A161928-5691-40E9-9A92-563BED22019D}.Release|Any CPU.Build.0 = Release|Any CPU
		{9A161928-5691-40E9-9A92-563BED22019D}.Release|x64.ActiveCfg = Release|Any CPU
		{9A161928-5691-40E9-9A92-563BED22019D}.Release|x64.Build.0 = Release|Any CPU
		{9A161928-5691-40E9-9A92-563BED22019D}.Release|x86.ActiveCfg = Release|Any CPU
		{9A161928-5691-40E9-9A92-563BED22019D}.Release|x86.Build.0 = Release|Any CPU
		{2CC428CE-1BB4-42ED-A679-1D68D6150876}.Debug|Any CPU.ActiveCfg = Debug|Any CPU
		{2CC428CE-1BB4-42ED-A679-1D68D6150876}.Debug|Any CPU.Build.0 = Debug|Any CPU
		{2CC428CE-1BB4-42ED-A679-1D68D6150876}.Debug|x64.ActiveCfg = Debug|Any CPU
		{2CC428CE-1BB4-42ED-A679-1D68D6150876}.Debug|x64.Build.0 = Debug|Any CPU
		{2CC428CE-1BB4-42ED-A679-1D68D6150876}.Debug|x86.ActiveCfg = Debug|Any CPU
		{2CC428CE-1BB4-42ED-A679-1D68D6150876}.Debug|x86.Build.0 = Debug|Any CPU
		{2CC428CE-1BB4-42ED-A679-1D68D6150876}.Release|Any CPU.ActiveCfg = Release|Any CPU
		{2CC428CE-1BB4-42ED-A679-1D68D6150876}.Release|Any CPU.Build.0 = Release|Any CPU
		{2CC428CE-1BB4-42ED-A679-1D68D6150876}.Release|x64.ActiveCfg = Release|Any CPU
		{2CC428CE-1BB4-42ED-A679-1D68D6150876}.Release|x64.Build.0 = Release|Any CPU
		{2CC428CE-1BB4-42ED-A679-1D68D6150876}.Release|x86.ActiveCfg = Release|Any CPU
		{2CC428CE-1BB4-42ED-A679-1D68D6150876}.Release|x86.Build.0 = Release|Any CPU
		{2D6003C5-9202-4B0B-9ADC-F1D2E21B7938}.Debug|Any CPU.ActiveCfg = Debug|Any CPU
		{2D6003C5-9202-4B0B-9ADC-F1D2E21B7938}.Debug|Any CPU.Build.0 = Debug|Any CPU
		{2D6003C5-9202-4B0B-9ADC-F1D2E21B7938}.Debug|x64.ActiveCfg = Debug|Any CPU
		{2D6003C5-9202-4B0B-9ADC-F1D2E21B7938}.Debug|x64.Build.0 = Debug|Any CPU
		{2D6003C5-9202-4B0B-9ADC-F1D2E21B7938}.Debug|x86.ActiveCfg = Debug|Any CPU
		{2D6003C5-9202-4B0B-9ADC-F1D2E21B7938}.Debug|x86.Build.0 = Debug|Any CPU
		{2D6003C5-9202-4B0B-9ADC-F1D2E21B7938}.Release|Any CPU.ActiveCfg = Release|Any CPU
		{2D6003C5-9202-4B0B-9ADC-F1D2E21B7938}.Release|Any CPU.Build.0 = Release|Any CPU
		{2D6003C5-9202-4B0B-9ADC-F1D2E21B7938}.Release|x64.ActiveCfg = Release|Any CPU
		{2D6003C5-9202-4B0B-9ADC-F1D2E21B7938}.Release|x64.Build.0 = Release|Any CPU
		{2D6003C5-9202-4B0B-9ADC-F1D2E21B7938}.Release|x86.ActiveCfg = Release|Any CPU
		{2D6003C5-9202-4B0B-9ADC-F1D2E21B7938}.Release|x86.Build.0 = Release|Any CPU
		{DAD021A3-8B04-4708-AC72-26B96F2A7260}.Debug|Any CPU.ActiveCfg = Debug|Any CPU
		{DAD021A3-8B04-4708-AC72-26B96F2A7260}.Debug|Any CPU.Build.0 = Debug|Any CPU
		{DAD021A3-8B04-4708-AC72-26B96F2A7260}.Debug|x64.ActiveCfg = Debug|Any CPU
		{DAD021A3-8B04-4708-AC72-26B96F2A7260}.Debug|x64.Build.0 = Debug|Any CPU
		{DAD021A3-8B04-4708-AC72-26B96F2A7260}.Debug|x86.ActiveCfg = Debug|Any CPU
		{DAD021A3-8B04-4708-AC72-26B96F2A7260}.Debug|x86.Build.0 = Debug|Any CPU
		{DAD021A3-8B04-4708-AC72-26B96F2A7260}.Release|Any CPU.ActiveCfg = Release|Any CPU
		{DAD021A3-8B04-4708-AC72-26B96F2A7260}.Release|Any CPU.Build.0 = Release|Any CPU
		{DAD021A3-8B04-4708-AC72-26B96F2A7260}.Release|x64.ActiveCfg = Release|Any CPU
		{DAD021A3-8B04-4708-AC72-26B96F2A7260}.Release|x64.Build.0 = Release|Any CPU
		{DAD021A3-8B04-4708-AC72-26B96F2A7260}.Release|x86.ActiveCfg = Release|Any CPU
		{DAD021A3-8B04-4708-AC72-26B96F2A7260}.Release|x86.Build.0 = Release|Any CPU
		{6CE976C6-BA37-434E-A3FD-9EC838BC6C3E}.Debug|Any CPU.ActiveCfg = Debug|Any CPU
		{6CE976C6-BA37-434E-A3FD-9EC838BC6C3E}.Debug|Any CPU.Build.0 = Debug|Any CPU
		{6CE976C6-BA37-434E-A3FD-9EC838BC6C3E}.Debug|x64.ActiveCfg = Debug|Any CPU
		{6CE976C6-BA37-434E-A3FD-9EC838BC6C3E}.Debug|x64.Build.0 = Debug|Any CPU
		{6CE976C6-BA37-434E-A3FD-9EC838BC6C3E}.Debug|x86.ActiveCfg = Debug|Any CPU
		{6CE976C6-BA37-434E-A3FD-9EC838BC6C3E}.Debug|x86.Build.0 = Debug|Any CPU
		{6CE976C6-BA37-434E-A3FD-9EC838BC6C3E}.Release|Any CPU.ActiveCfg = Release|Any CPU
		{6CE976C6-BA37-434E-A3FD-9EC838BC6C3E}.Release|Any CPU.Build.0 = Release|Any CPU
		{6CE976C6-BA37-434E-A3FD-9EC838BC6C3E}.Release|x64.ActiveCfg = Release|Any CPU
		{6CE976C6-BA37-434E-A3FD-9EC838BC6C3E}.Release|x64.Build.0 = Release|Any CPU
		{6CE976C6-BA37-434E-A3FD-9EC838BC6C3E}.Release|x86.ActiveCfg = Release|Any CPU
		{6CE976C6-BA37-434E-A3FD-9EC838BC6C3E}.Release|x86.Build.0 = Release|Any CPU
		{2BB18E1E-2CB0-4500-B8D2-00976D83B276}.Debug|Any CPU.ActiveCfg = Debug|Any CPU
		{2BB18E1E-2CB0-4500-B8D2-00976D83B276}.Debug|Any CPU.Build.0 = Debug|Any CPU
		{2BB18E1E-2CB0-4500-B8D2-00976D83B276}.Debug|x64.ActiveCfg = Debug|Any CPU
		{2BB18E1E-2CB0-4500-B8D2-00976D83B276}.Debug|x64.Build.0 = Debug|Any CPU
		{2BB18E1E-2CB0-4500-B8D2-00976D83B276}.Debug|x86.ActiveCfg = Debug|Any CPU
		{2BB18E1E-2CB0-4500-B8D2-00976D83B276}.Debug|x86.Build.0 = Debug|Any CPU
		{2BB18E1E-2CB0-4500-B8D2-00976D83B276}.Release|Any CPU.ActiveCfg = Release|Any CPU
		{2BB18E1E-2CB0-4500-B8D2-00976D83B276}.Release|Any CPU.Build.0 = Release|Any CPU
		{2BB18E1E-2CB0-4500-B8D2-00976D83B276}.Release|x64.ActiveCfg = Release|Any CPU
		{2BB18E1E-2CB0-4500-B8D2-00976D83B276}.Release|x64.Build.0 = Release|Any CPU
		{2BB18E1E-2CB0-4500-B8D2-00976D83B276}.Release|x86.ActiveCfg = Release|Any CPU
		{2BB18E1E-2CB0-4500-B8D2-00976D83B276}.Release|x86.Build.0 = Release|Any CPU
		{C4253D64-011D-4CF5-A9EF-BEA895018CEE}.Debug|Any CPU.ActiveCfg = Debug|Any CPU
		{C4253D64-011D-4CF5-A9EF-BEA895018CEE}.Debug|Any CPU.Build.0 = Debug|Any CPU
		{C4253D64-011D-4CF5-A9EF-BEA895018CEE}.Debug|x64.ActiveCfg = Debug|Any CPU
		{C4253D64-011D-4CF5-A9EF-BEA895018CEE}.Debug|x64.Build.0 = Debug|Any CPU
		{C4253D64-011D-4CF5-A9EF-BEA895018CEE}.Debug|x86.ActiveCfg = Debug|Any CPU
		{C4253D64-011D-4CF5-A9EF-BEA895018CEE}.Debug|x86.Build.0 = Debug|Any CPU
		{C4253D64-011D-4CF5-A9EF-BEA895018CEE}.Release|Any CPU.ActiveCfg = Release|Any CPU
		{C4253D64-011D-4CF5-A9EF-BEA895018CEE}.Release|Any CPU.Build.0 = Release|Any CPU
		{C4253D64-011D-4CF5-A9EF-BEA895018CEE}.Release|x64.ActiveCfg = Release|Any CPU
		{C4253D64-011D-4CF5-A9EF-BEA895018CEE}.Release|x64.Build.0 = Release|Any CPU
		{C4253D64-011D-4CF5-A9EF-BEA895018CEE}.Release|x86.ActiveCfg = Release|Any CPU
		{C4253D64-011D-4CF5-A9EF-BEA895018CEE}.Release|x86.Build.0 = Release|Any CPU
		{968AD7C8-6A43-4456-8195-C3A5EEDC67B0}.Debug|Any CPU.ActiveCfg = Debug|Any CPU
		{968AD7C8-6A43-4456-8195-C3A5EEDC67B0}.Debug|Any CPU.Build.0 = Debug|Any CPU
		{968AD7C8-6A43-4456-8195-C3A5EEDC67B0}.Debug|x64.ActiveCfg = Debug|Any CPU
		{968AD7C8-6A43-4456-8195-C3A5EEDC67B0}.Debug|x64.Build.0 = Debug|Any CPU
		{968AD7C8-6A43-4456-8195-C3A5EEDC67B0}.Debug|x86.ActiveCfg = Debug|Any CPU
		{968AD7C8-6A43-4456-8195-C3A5EEDC67B0}.Debug|x86.Build.0 = Debug|Any CPU
		{968AD7C8-6A43-4456-8195-C3A5EEDC67B0}.Release|Any CPU.ActiveCfg = Release|Any CPU
		{968AD7C8-6A43-4456-8195-C3A5EEDC67B0}.Release|Any CPU.Build.0 = Release|Any CPU
		{968AD7C8-6A43-4456-8195-C3A5EEDC67B0}.Release|x64.ActiveCfg = Release|Any CPU
		{968AD7C8-6A43-4456-8195-C3A5EEDC67B0}.Release|x64.Build.0 = Release|Any CPU
		{968AD7C8-6A43-4456-8195-C3A5EEDC67B0}.Release|x86.ActiveCfg = Release|Any CPU
		{968AD7C8-6A43-4456-8195-C3A5EEDC67B0}.Release|x86.Build.0 = Release|Any CPU
		{E126D341-D696-4AE8-A6D9-EDDFB85A144D}.Debug|Any CPU.ActiveCfg = Debug|Any CPU
		{E126D341-D696-4AE8-A6D9-EDDFB85A144D}.Debug|Any CPU.Build.0 = Debug|Any CPU
		{E126D341-D696-4AE8-A6D9-EDDFB85A144D}.Debug|x64.ActiveCfg = Debug|Any CPU
		{E126D341-D696-4AE8-A6D9-EDDFB85A144D}.Debug|x64.Build.0 = Debug|Any CPU
		{E126D341-D696-4AE8-A6D9-EDDFB85A144D}.Debug|x86.ActiveCfg = Debug|Any CPU
		{E126D341-D696-4AE8-A6D9-EDDFB85A144D}.Debug|x86.Build.0 = Debug|Any CPU
		{E126D341-D696-4AE8-A6D9-EDDFB85A144D}.Release|Any CPU.ActiveCfg = Release|Any CPU
		{E126D341-D696-4AE8-A6D9-EDDFB85A144D}.Release|Any CPU.Build.0 = Release|Any CPU
		{E126D341-D696-4AE8-A6D9-EDDFB85A144D}.Release|x64.ActiveCfg = Release|Any CPU
		{E126D341-D696-4AE8-A6D9-EDDFB85A144D}.Release|x64.Build.0 = Release|Any CPU
		{E126D341-D696-4AE8-A6D9-EDDFB85A144D}.Release|x86.ActiveCfg = Release|Any CPU
		{E126D341-D696-4AE8-A6D9-EDDFB85A144D}.Release|x86.Build.0 = Release|Any CPU
		{3DAFC9F1-5DAA-4CF0-B054-A0A2F4B29F0D}.Debug|Any CPU.ActiveCfg = Debug|Any CPU
		{3DAFC9F1-5DAA-4CF0-B054-A0A2F4B29F0D}.Debug|Any CPU.Build.0 = Debug|Any CPU
		{3DAFC9F1-5DAA-4CF0-B054-A0A2F4B29F0D}.Debug|x64.ActiveCfg = Debug|Any CPU
		{3DAFC9F1-5DAA-4CF0-B054-A0A2F4B29F0D}.Debug|x64.Build.0 = Debug|Any CPU
		{3DAFC9F1-5DAA-4CF0-B054-A0A2F4B29F0D}.Debug|x86.ActiveCfg = Debug|Any CPU
		{3DAFC9F1-5DAA-4CF0-B054-A0A2F4B29F0D}.Debug|x86.Build.0 = Debug|Any CPU
		{3DAFC9F1-5DAA-4CF0-B054-A0A2F4B29F0D}.Release|Any CPU.ActiveCfg = Release|Any CPU
		{3DAFC9F1-5DAA-4CF0-B054-A0A2F4B29F0D}.Release|Any CPU.Build.0 = Release|Any CPU
		{3DAFC9F1-5DAA-4CF0-B054-A0A2F4B29F0D}.Release|x64.ActiveCfg = Release|Any CPU
		{3DAFC9F1-5DAA-4CF0-B054-A0A2F4B29F0D}.Release|x64.Build.0 = Release|Any CPU
		{3DAFC9F1-5DAA-4CF0-B054-A0A2F4B29F0D}.Release|x86.ActiveCfg = Release|Any CPU
		{3DAFC9F1-5DAA-4CF0-B054-A0A2F4B29F0D}.Release|x86.Build.0 = Release|Any CPU
		{4C354BE9-6E7A-4896-BDDE-54B7C0B24B92}.Debug|Any CPU.ActiveCfg = Debug|Any CPU
		{4C354BE9-6E7A-4896-BDDE-54B7C0B24B92}.Debug|Any CPU.Build.0 = Debug|Any CPU
		{4C354BE9-6E7A-4896-BDDE-54B7C0B24B92}.Debug|x64.ActiveCfg = Debug|Any CPU
		{4C354BE9-6E7A-4896-BDDE-54B7C0B24B92}.Debug|x64.Build.0 = Debug|Any CPU
		{4C354BE9-6E7A-4896-BDDE-54B7C0B24B92}.Debug|x86.ActiveCfg = Debug|Any CPU
		{4C354BE9-6E7A-4896-BDDE-54B7C0B24B92}.Debug|x86.Build.0 = Debug|Any CPU
		{4C354BE9-6E7A-4896-BDDE-54B7C0B24B92}.Release|Any CPU.ActiveCfg = Release|Any CPU
		{4C354BE9-6E7A-4896-BDDE-54B7C0B24B92}.Release|Any CPU.Build.0 = Release|Any CPU
		{4C354BE9-6E7A-4896-BDDE-54B7C0B24B92}.Release|x64.ActiveCfg = Release|Any CPU
		{4C354BE9-6E7A-4896-BDDE-54B7C0B24B92}.Release|x64.Build.0 = Release|Any CPU
		{4C354BE9-6E7A-4896-BDDE-54B7C0B24B92}.Release|x86.ActiveCfg = Release|Any CPU
		{4C354BE9-6E7A-4896-BDDE-54B7C0B24B92}.Release|x86.Build.0 = Release|Any CPU
		{7C5537E0-68C0-4EED-B0A2-37B897CF0DD6}.Debug|Any CPU.ActiveCfg = Debug|Any CPU
		{7C5537E0-68C0-4EED-B0A2-37B897CF0DD6}.Debug|Any CPU.Build.0 = Debug|Any CPU
		{7C5537E0-68C0-4EED-B0A2-37B897CF0DD6}.Debug|x64.ActiveCfg = Debug|Any CPU
		{7C5537E0-68C0-4EED-B0A2-37B897CF0DD6}.Debug|x64.Build.0 = Debug|Any CPU
		{7C5537E0-68C0-4EED-B0A2-37B897CF0DD6}.Debug|x86.ActiveCfg = Debug|Any CPU
		{7C5537E0-68C0-4EED-B0A2-37B897CF0DD6}.Debug|x86.Build.0 = Debug|Any CPU
		{7C5537E0-68C0-4EED-B0A2-37B897CF0DD6}.Release|Any CPU.ActiveCfg = Release|Any CPU
		{7C5537E0-68C0-4EED-B0A2-37B897CF0DD6}.Release|Any CPU.Build.0 = Release|Any CPU
		{7C5537E0-68C0-4EED-B0A2-37B897CF0DD6}.Release|x64.ActiveCfg = Release|Any CPU
		{7C5537E0-68C0-4EED-B0A2-37B897CF0DD6}.Release|x64.Build.0 = Release|Any CPU
		{7C5537E0-68C0-4EED-B0A2-37B897CF0DD6}.Release|x86.ActiveCfg = Release|Any CPU
		{7C5537E0-68C0-4EED-B0A2-37B897CF0DD6}.Release|x86.Build.0 = Release|Any CPU
		{42EFE3DB-DDF9-4B2C-B13F-CC3A883D119A}.Debug|Any CPU.ActiveCfg = Debug|Any CPU
		{42EFE3DB-DDF9-4B2C-B13F-CC3A883D119A}.Debug|Any CPU.Build.0 = Debug|Any CPU
		{42EFE3DB-DDF9-4B2C-B13F-CC3A883D119A}.Debug|x64.ActiveCfg = Debug|Any CPU
		{42EFE3DB-DDF9-4B2C-B13F-CC3A883D119A}.Debug|x64.Build.0 = Debug|Any CPU
		{42EFE3DB-DDF9-4B2C-B13F-CC3A883D119A}.Debug|x86.ActiveCfg = Debug|Any CPU
		{42EFE3DB-DDF9-4B2C-B13F-CC3A883D119A}.Debug|x86.Build.0 = Debug|Any CPU
		{42EFE3DB-DDF9-4B2C-B13F-CC3A883D119A}.Release|Any CPU.ActiveCfg = Release|Any CPU
		{42EFE3DB-DDF9-4B2C-B13F-CC3A883D119A}.Release|Any CPU.Build.0 = Release|Any CPU
		{42EFE3DB-DDF9-4B2C-B13F-CC3A883D119A}.Release|x64.ActiveCfg = Release|Any CPU
		{42EFE3DB-DDF9-4B2C-B13F-CC3A883D119A}.Release|x64.Build.0 = Release|Any CPU
		{42EFE3DB-DDF9-4B2C-B13F-CC3A883D119A}.Release|x86.ActiveCfg = Release|Any CPU
		{42EFE3DB-DDF9-4B2C-B13F-CC3A883D119A}.Release|x86.Build.0 = Release|Any CPU
		{8B7E145C-06FA-4228-A19F-664449A843BD}.Debug|Any CPU.ActiveCfg = Debug|Any CPU
		{8B7E145C-06FA-4228-A19F-664449A843BD}.Debug|Any CPU.Build.0 = Debug|Any CPU
		{8B7E145C-06FA-4228-A19F-664449A843BD}.Debug|x64.ActiveCfg = Debug|Any CPU
		{8B7E145C-06FA-4228-A19F-664449A843BD}.Debug|x64.Build.0 = Debug|Any CPU
		{8B7E145C-06FA-4228-A19F-664449A843BD}.Debug|x86.ActiveCfg = Debug|Any CPU
		{8B7E145C-06FA-4228-A19F-664449A843BD}.Debug|x86.Build.0 = Debug|Any CPU
		{8B7E145C-06FA-4228-A19F-664449A843BD}.Release|Any CPU.ActiveCfg = Release|Any CPU
		{8B7E145C-06FA-4228-A19F-664449A843BD}.Release|Any CPU.Build.0 = Release|Any CPU
		{8B7E145C-06FA-4228-A19F-664449A843BD}.Release|x64.ActiveCfg = Release|Any CPU
		{8B7E145C-06FA-4228-A19F-664449A843BD}.Release|x64.Build.0 = Release|Any CPU
		{8B7E145C-06FA-4228-A19F-664449A843BD}.Release|x86.ActiveCfg = Release|Any CPU
		{8B7E145C-06FA-4228-A19F-664449A843BD}.Release|x86.Build.0 = Release|Any CPU
		{7EB3CAE9-A2DB-494D-B6D7-8FA6027311B8}.Debug|Any CPU.ActiveCfg = Debug|Any CPU
		{7EB3CAE9-A2DB-494D-B6D7-8FA6027311B8}.Debug|Any CPU.Build.0 = Debug|Any CPU
		{7EB3CAE9-A2DB-494D-B6D7-8FA6027311B8}.Debug|x64.ActiveCfg = Debug|Any CPU
		{7EB3CAE9-A2DB-494D-B6D7-8FA6027311B8}.Debug|x64.Build.0 = Debug|Any CPU
		{7EB3CAE9-A2DB-494D-B6D7-8FA6027311B8}.Debug|x86.ActiveCfg = Debug|Any CPU
		{7EB3CAE9-A2DB-494D-B6D7-8FA6027311B8}.Debug|x86.Build.0 = Debug|Any CPU
		{7EB3CAE9-A2DB-494D-B6D7-8FA6027311B8}.Release|Any CPU.ActiveCfg = Release|Any CPU
		{7EB3CAE9-A2DB-494D-B6D7-8FA6027311B8}.Release|Any CPU.Build.0 = Release|Any CPU
		{7EB3CAE9-A2DB-494D-B6D7-8FA6027311B8}.Release|x64.ActiveCfg = Release|Any CPU
		{7EB3CAE9-A2DB-494D-B6D7-8FA6027311B8}.Release|x64.Build.0 = Release|Any CPU
		{7EB3CAE9-A2DB-494D-B6D7-8FA6027311B8}.Release|x86.ActiveCfg = Release|Any CPU
		{7EB3CAE9-A2DB-494D-B6D7-8FA6027311B8}.Release|x86.Build.0 = Release|Any CPU
		{7A77484F-00AB-4509-845D-8998F129B8A1}.Debug|Any CPU.ActiveCfg = Debug|Any CPU
		{7A77484F-00AB-4509-845D-8998F129B8A1}.Debug|Any CPU.Build.0 = Debug|Any CPU
		{7A77484F-00AB-4509-845D-8998F129B8A1}.Debug|x64.ActiveCfg = Debug|Any CPU
		{7A77484F-00AB-4509-845D-8998F129B8A1}.Debug|x64.Build.0 = Debug|Any CPU
		{7A77484F-00AB-4509-845D-8998F129B8A1}.Debug|x86.ActiveCfg = Debug|Any CPU
		{7A77484F-00AB-4509-845D-8998F129B8A1}.Debug|x86.Build.0 = Debug|Any CPU
		{7A77484F-00AB-4509-845D-8998F129B8A1}.Release|Any CPU.ActiveCfg = Release|Any CPU
		{7A77484F-00AB-4509-845D-8998F129B8A1}.Release|Any CPU.Build.0 = Release|Any CPU
		{7A77484F-00AB-4509-845D-8998F129B8A1}.Release|x64.ActiveCfg = Release|Any CPU
		{7A77484F-00AB-4509-845D-8998F129B8A1}.Release|x64.Build.0 = Release|Any CPU
		{7A77484F-00AB-4509-845D-8998F129B8A1}.Release|x86.ActiveCfg = Release|Any CPU
		{7A77484F-00AB-4509-845D-8998F129B8A1}.Release|x86.Build.0 = Release|Any CPU
	EndGlobalSection
	GlobalSection(SolutionProperties) = preSolution
		HideSolutionNode = FALSE
	EndGlobalSection
	GlobalSection(ExtensibilityGlobals) = postSolution
		SolutionGuid = {46AB8793-7912-43C0-AEC9-CAA32DB95E94}
	EndGlobalSection
EndGlobal
